
Microsoft Visual Studio Solution File, Format Version 12.00
# Visual Studio Version 17
VisualStudioVersion = 17.8.34525.116
MinimumVisualStudioVersion = 10.0.40219.1
Project("{9A19103F-16F7-4668-BE54-9A1E7A4F7556}") = "WorkSpace", "WorkSpace\WorkSpace.csproj", "{A18FE1FD-2246-405F-8EE8-4399E831C697}"
EndProject
Project("{FAE04EC0-301F-11D3-BF4B-00C04F79EFBC}") = "Entities", "Entities\Entities.csproj", "{7737B3A7-F907-4FD0-AEA2-AF5DAEBAC3B9}"
EndProject
Project("{FAE04EC0-301F-11D3-BF4B-00C04F79EFBC}") = "Business", "Business\Business.csproj", "{F16CFAD0-B18E-4CBC-8FA2-66252928807A}"
EndProject
Global
	GlobalSection(SolutionConfigurationPlatforms) = preSolution
		Debug|Any CPU = Debug|Any CPU
		Release|Any CPU = Release|Any CPU
	EndGlobalSection
	GlobalSection(ProjectConfigurationPlatforms) = postSolution
		{A18FE1FD-2246-405F-8EE8-4399E831C697}.Debug|Any CPU.ActiveCfg = Debug|Any CPU
		{A18FE1FD-2246-405F-8EE8-4399E831C697}.Debug|Any CPU.Build.0 = Debug|Any CPU
		{A18FE1FD-2246-405F-8EE8-4399E831C697}.Release|Any CPU.ActiveCfg = Release|Any CPU
		{A18FE1FD-2246-405F-8EE8-4399E831C697}.Release|Any CPU.Build.0 = Release|Any CPU
		{7737B3A7-F907-4FD0-AEA2-AF5DAEBAC3B9}.Debug|Any CPU.ActiveCfg = Debug|Any CPU
		{7737B3A7-F907-4FD0-AEA2-AF5DAEBAC3B9}.Debug|Any CPU.Build.0 = Debug|Any CPU
		{7737B3A7-F907-4FD0-AEA2-AF5DAEBAC3B9}.Release|Any CPU.ActiveCfg = Release|Any CPU
		{7737B3A7-F907-4FD0-AEA2-AF5DAEBAC3B9}.Release|Any CPU.Build.0 = Release|Any CPU
		{F16CFAD0-B18E-4CBC-8FA2-66252928807A}.Debug|Any CPU.ActiveCfg = Debug|Any CPU
		{F16CFAD0-B18E-4CBC-8FA2-66252928807A}.Debug|Any CPU.Build.0 = Debug|Any CPU
		{F16CFAD0-B18E-4CBC-8FA2-66252928807A}.Release|Any CPU.ActiveCfg = Release|Any CPU
		{F16CFAD0-B18E-4CBC-8FA2-66252928807A}.Release|Any CPU.Build.0 = Release|Any CPU
	EndGlobalSection
	GlobalSection(SolutionProperties) = preSolution
		HideSolutionNode = FALSE
	EndGlobalSection
	GlobalSection(ExtensibilityGlobals) = postSolution
		SolutionGuid = {34D808FE-6378-487E-AB7B-2328DAA6AAB3}
	EndGlobalSection
EndGlobal
